// !$*UTF8*$!
{
	archiveVersion = 1;
	classes = {
	};
	objectVersion = 46;
	objects = {

/* Begin PBXBuildFile section */
		6A00ECD81B18404400D52A5A /* WeatherCondition.m in Sources */ = {isa = PBXBuildFile; fileRef = 6A00ECD71B18404400D52A5A /* WeatherCondition.m */; };
		6A00ECDA1B1840B100D52A5A /* CoreLocation.framework in Frameworks */ = {isa = PBXBuildFile; fileRef = 6A00ECD91B1840B100D52A5A /* CoreLocation.framework */; };
		6A00ECDD1B185C4800D52A5A /* WeatherJsonParser.m in Sources */ = {isa = PBXBuildFile; fileRef = 6A00ECDC1B185C4800D52A5A /* WeatherJsonParser.m */; };
		6A07AC701B1C3CB900B6EE5E /* WeatherUtility.m in Sources */ = {isa = PBXBuildFile; fileRef = 6A07AC6F1B1C3CB900B6EE5E /* WeatherUtility.m */; };
		6A07AC8A1B1C4FF900B6EE5E /* weather-broken.png in Resources */ = {isa = PBXBuildFile; fileRef = 6A07AC721B1C4FF900B6EE5E /* weather-broken.png */; };
		6A07AC8B1B1C4FF900B6EE5E /* weather-broken@2x.png in Resources */ = {isa = PBXBuildFile; fileRef = 6A07AC731B1C4FF900B6EE5E /* weather-broken@2x.png */; };
		6A07AC8C1B1C4FF900B6EE5E /* weather-clear.png in Resources */ = {isa = PBXBuildFile; fileRef = 6A07AC741B1C4FF900B6EE5E /* weather-clear.png */; };
		6A07AC8D1B1C4FF900B6EE5E /* weather-clear@2x.png in Resources */ = {isa = PBXBuildFile; fileRef = 6A07AC751B1C4FF900B6EE5E /* weather-clear@2x.png */; };
		6A07AC8E1B1C4FF900B6EE5E /* weather-few-night.png in Resources */ = {isa = PBXBuildFile; fileRef = 6A07AC761B1C4FF900B6EE5E /* weather-few-night.png */; };
		6A07AC8F1B1C4FF900B6EE5E /* weather-few-night@2x.png in Resources */ = {isa = PBXBuildFile; fileRef = 6A07AC771B1C4FF900B6EE5E /* weather-few-night@2x.png */; };
		6A07AC901B1C4FF900B6EE5E /* weather-few.png in Resources */ = {isa = PBXBuildFile; fileRef = 6A07AC781B1C4FF900B6EE5E /* weather-few.png */; };
		6A07AC911B1C4FF900B6EE5E /* weather-few@2x.png in Resources */ = {isa = PBXBuildFile; fileRef = 6A07AC791B1C4FF900B6EE5E /* weather-few@2x.png */; };
		6A07AC921B1C4FF900B6EE5E /* weather-mist.png in Resources */ = {isa = PBXBuildFile; fileRef = 6A07AC7A1B1C4FF900B6EE5E /* weather-mist.png */; };
		6A07AC931B1C4FF900B6EE5E /* weather-mist@2x.png in Resources */ = {isa = PBXBuildFile; fileRef = 6A07AC7B1B1C4FF900B6EE5E /* weather-mist@2x.png */; };
		6A07AC941B1C4FF900B6EE5E /* weather-moon.png in Resources */ = {isa = PBXBuildFile; fileRef = 6A07AC7C1B1C4FF900B6EE5E /* weather-moon.png */; };
		6A07AC951B1C4FF900B6EE5E /* weather-moon@2x.png in Resources */ = {isa = PBXBuildFile; fileRef = 6A07AC7D1B1C4FF900B6EE5E /* weather-moon@2x.png */; };
		6A07AC961B1C4FF900B6EE5E /* weather-rain-night.png in Resources */ = {isa = PBXBuildFile; fileRef = 6A07AC7E1B1C4FF900B6EE5E /* weather-rain-night.png */; };
		6A07AC971B1C4FF900B6EE5E /* weather-rain-night@2x.png in Resources */ = {isa = PBXBuildFile; fileRef = 6A07AC7F1B1C4FF900B6EE5E /* weather-rain-night@2x.png */; };
		6A07AC981B1C4FF900B6EE5E /* weather-rain.png in Resources */ = {isa = PBXBuildFile; fileRef = 6A07AC801B1C4FF900B6EE5E /* weather-rain.png */; };
		6A07AC991B1C4FF900B6EE5E /* weather-rain@2x.png in Resources */ = {isa = PBXBuildFile; fileRef = 6A07AC811B1C4FF900B6EE5E /* weather-rain@2x.png */; };
		6A07AC9A1B1C4FF900B6EE5E /* weather-scattered.png in Resources */ = {isa = PBXBuildFile; fileRef = 6A07AC821B1C4FF900B6EE5E /* weather-scattered.png */; };
		6A07AC9B1B1C4FF900B6EE5E /* weather-scattered@2x.png in Resources */ = {isa = PBXBuildFile; fileRef = 6A07AC831B1C4FF900B6EE5E /* weather-scattered@2x.png */; };
		6A07AC9C1B1C4FF900B6EE5E /* weather-shower.png in Resources */ = {isa = PBXBuildFile; fileRef = 6A07AC841B1C4FF900B6EE5E /* weather-shower.png */; };
		6A07AC9D1B1C4FF900B6EE5E /* weather-shower@2x.png in Resources */ = {isa = PBXBuildFile; fileRef = 6A07AC851B1C4FF900B6EE5E /* weather-shower@2x.png */; };
		6A07AC9E1B1C4FF900B6EE5E /* weather-snow.png in Resources */ = {isa = PBXBuildFile; fileRef = 6A07AC861B1C4FF900B6EE5E /* weather-snow.png */; };
		6A07AC9F1B1C4FF900B6EE5E /* weather-snow@2x.png in Resources */ = {isa = PBXBuildFile; fileRef = 6A07AC871B1C4FF900B6EE5E /* weather-snow@2x.png */; };
		6A07ACA01B1C4FF900B6EE5E /* weather-tstorm.png in Resources */ = {isa = PBXBuildFile; fileRef = 6A07AC881B1C4FF900B6EE5E /* weather-tstorm.png */; };
		6A07ACA11B1C4FF900B6EE5E /* weather-tstorm@2x.png in Resources */ = {isa = PBXBuildFile; fileRef = 6A07AC891B1C4FF900B6EE5E /* weather-tstorm@2x.png */; };
		6A52E01F1B2049B900F6A4A7 /* WeatherListDetailPushAnimator.m in Sources */ = {isa = PBXBuildFile; fileRef = 6A52E01E1B2049B900F6A4A7 /* WeatherListDetailPushAnimator.m */; };
		6A52E0221B2049CF00F6A4A7 /* WeatherListDetailPopAnimator.m in Sources */ = {isa = PBXBuildFile; fileRef = 6A52E0211B2049CF00F6A4A7 /* WeatherListDetailPopAnimator.m */; };
		6A52E0251B20541800F6A4A7 /* WeatherDetailViewController.m in Sources */ = {isa = PBXBuildFile; fileRef = 6A52E0241B20541800F6A4A7 /* WeatherDetailViewController.m */; };
		6A7242991B15922800AB50EB /* main.m in Sources */ = {isa = PBXBuildFile; fileRef = 6A7242981B15922800AB50EB /* main.m */; };
		6A72429C1B15922800AB50EB /* AppDelegate.m in Sources */ = {isa = PBXBuildFile; fileRef = 6A72429B1B15922800AB50EB /* AppDelegate.m */; };
		6A7242A41B15922800AB50EB /* Images.xcassets in Resources */ = {isa = PBXBuildFile; fileRef = 6A7242A31B15922800AB50EB /* Images.xcassets */; };
		6A7242B31B15922800AB50EB /* SunShineTests.m in Sources */ = {isa = PBXBuildFile; fileRef = 6A7242B21B15922800AB50EB /* SunShineTests.m */; };
		6A7242CE1B15928600AB50EB /* art_clear.png in Resources */ = {isa = PBXBuildFile; fileRef = 6A7242BD1B15928600AB50EB /* art_clear.png */; };
		6A7242CF1B15928600AB50EB /* art_clouds.png in Resources */ = {isa = PBXBuildFile; fileRef = 6A7242BE1B15928600AB50EB /* art_clouds.png */; };
		6A7242D01B15928600AB50EB /* art_fog.png in Resources */ = {isa = PBXBuildFile; fileRef = 6A7242BF1B15928600AB50EB /* art_fog.png */; };
		6A7242D11B15928600AB50EB /* art_light_clouds.png in Resources */ = {isa = PBXBuildFile; fileRef = 6A7242C01B15928600AB50EB /* art_light_clouds.png */; };
		6A7242D21B15928600AB50EB /* art_light_rain.png in Resources */ = {isa = PBXBuildFile; fileRef = 6A7242C11B15928600AB50EB /* art_light_rain.png */; };
		6A7242D31B15928600AB50EB /* art_rain.png in Resources */ = {isa = PBXBuildFile; fileRef = 6A7242C21B15928600AB50EB /* art_rain.png */; };
		6A7242D41B15928600AB50EB /* art_snow.png in Resources */ = {isa = PBXBuildFile; fileRef = 6A7242C31B15928600AB50EB /* art_snow.png */; };
		6A7242D51B15928600AB50EB /* art_storm.png in Resources */ = {isa = PBXBuildFile; fileRef = 6A7242C41B15928600AB50EB /* art_storm.png */; };
		6A7242D61B15928600AB50EB /* ic_clear.png in Resources */ = {isa = PBXBuildFile; fileRef = 6A7242C51B15928600AB50EB /* ic_clear.png */; };
		6A7242D71B15928600AB50EB /* ic_cloudy.png in Resources */ = {isa = PBXBuildFile; fileRef = 6A7242C61B15928600AB50EB /* ic_cloudy.png */; };
		6A7242D81B15928600AB50EB /* ic_fog.png in Resources */ = {isa = PBXBuildFile; fileRef = 6A7242C71B15928600AB50EB /* ic_fog.png */; };
		6A7242D91B15928600AB50EB /* ic_light_clouds.png in Resources */ = {isa = PBXBuildFile; fileRef = 6A7242C81B15928600AB50EB /* ic_light_clouds.png */; };
		6A7242DA1B15928600AB50EB /* ic_light_rain.png in Resources */ = {isa = PBXBuildFile; fileRef = 6A7242C91B15928600AB50EB /* ic_light_rain.png */; };
		6A7242DB1B15928600AB50EB /* ic_logo.png in Resources */ = {isa = PBXBuildFile; fileRef = 6A7242CA1B15928600AB50EB /* ic_logo.png */; };
		6A7242DC1B15928600AB50EB /* ic_rain.png in Resources */ = {isa = PBXBuildFile; fileRef = 6A7242CB1B15928600AB50EB /* ic_rain.png */; };
		6A7242DD1B15928600AB50EB /* ic_snow.png in Resources */ = {isa = PBXBuildFile; fileRef = 6A7242CC1B15928600AB50EB /* ic_snow.png */; };
		6A7242DE1B15928600AB50EB /* ic_storm.png in Resources */ = {isa = PBXBuildFile; fileRef = 6A7242CD1B15928600AB50EB /* ic_storm.png */; };
		6A7242E21B1592C100AB50EB /* WeatherListViewController.m in Sources */ = {isa = PBXBuildFile; fileRef = 6A7242E11B1592C100AB50EB /* WeatherListViewController.m */; };
		6A7242E71B15A19200AB50EB /* Sky.png in Resources */ = {isa = PBXBuildFile; fileRef = 6A7242E61B15A19200AB50EB /* Sky.png */; };
		6A72431C1B15DF3900AB50EB /* WeatherTableViewCell.m in Sources */ = {isa = PBXBuildFile; fileRef = 6A72431B1B15DF3900AB50EB /* WeatherTableViewCell.m */; };
		6AAFECFA1B17199000720AC2 /* WeatherManager.m in Sources */ = {isa = PBXBuildFile; fileRef = 6AAFECF91B17199000720AC2 /* WeatherManager.m */; };
		6AAFECFD1B1719BE00720AC2 /* WeatherClient.m in Sources */ = {isa = PBXBuildFile; fileRef = 6AAFECFC1B1719BE00720AC2 /* WeatherClient.m */; };
/* End PBXBuildFile section */

/* Begin PBXContainerItemProxy section */
		6A7242AD1B15922800AB50EB /* PBXContainerItemProxy */ = {
			isa = PBXContainerItemProxy;
			containerPortal = 6A72428B1B15922800AB50EB /* Project object */;
			proxyType = 1;
			remoteGlobalIDString = 6A7242921B15922800AB50EB;
			remoteInfo = SunShine;
		};
/* End PBXContainerItemProxy section */

/* Begin PBXFileReference section */
		6A00ECD61B18404400D52A5A /* WeatherCondition.h */ = {isa = PBXFileReference; fileEncoding = 4; lastKnownFileType = sourcecode.c.h; path = WeatherCondition.h; sourceTree = "<group>"; };
		6A00ECD71B18404400D52A5A /* WeatherCondition.m */ = {isa = PBXFileReference; fileEncoding = 4; lastKnownFileType = sourcecode.c.objc; path = WeatherCondition.m; sourceTree = "<group>"; };
		6A00ECD91B1840B100D52A5A /* CoreLocation.framework */ = {isa = PBXFileReference; lastKnownFileType = wrapper.framework; name = CoreLocation.framework; path = System/Library/Frameworks/CoreLocation.framework; sourceTree = SDKROOT; };
		6A00ECDB1B185C4800D52A5A /* WeatherJsonParser.h */ = {isa = PBXFileReference; fileEncoding = 4; lastKnownFileType = sourcecode.c.h; path = WeatherJsonParser.h; sourceTree = "<group>"; };
		6A00ECDC1B185C4800D52A5A /* WeatherJsonParser.m */ = {isa = PBXFileReference; fileEncoding = 4; lastKnownFileType = sourcecode.c.objc; path = WeatherJsonParser.m; sourceTree = "<group>"; };
		6A07AC6E1B1C3CB900B6EE5E /* WeatherUtility.h */ = {isa = PBXFileReference; fileEncoding = 4; lastKnownFileType = sourcecode.c.h; path = WeatherUtility.h; sourceTree = "<group>"; };
		6A07AC6F1B1C3CB900B6EE5E /* WeatherUtility.m */ = {isa = PBXFileReference; fileEncoding = 4; lastKnownFileType = sourcecode.c.objc; path = WeatherUtility.m; sourceTree = "<group>"; };
		6A07AC721B1C4FF900B6EE5E /* weather-broken.png */ = {isa = PBXFileReference; lastKnownFileType = image.png; path = "weather-broken.png"; sourceTree = "<group>"; };
		6A07AC731B1C4FF900B6EE5E /* weather-broken@2x.png */ = {isa = PBXFileReference; lastKnownFileType = image.png; path = "weather-broken@2x.png"; sourceTree = "<group>"; };
		6A07AC741B1C4FF900B6EE5E /* weather-clear.png */ = {isa = PBXFileReference; lastKnownFileType = image.png; path = "weather-clear.png"; sourceTree = "<group>"; };
		6A07AC751B1C4FF900B6EE5E /* weather-clear@2x.png */ = {isa = PBXFileReference; lastKnownFileType = image.png; path = "weather-clear@2x.png"; sourceTree = "<group>"; };
		6A07AC761B1C4FF900B6EE5E /* weather-few-night.png */ = {isa = PBXFileReference; lastKnownFileType = image.png; path = "weather-few-night.png"; sourceTree = "<group>"; };
		6A07AC771B1C4FF900B6EE5E /* weather-few-night@2x.png */ = {isa = PBXFileReference; lastKnownFileType = image.png; path = "weather-few-night@2x.png"; sourceTree = "<group>"; };
		6A07AC781B1C4FF900B6EE5E /* weather-few.png */ = {isa = PBXFileReference; lastKnownFileType = image.png; path = "weather-few.png"; sourceTree = "<group>"; };
		6A07AC791B1C4FF900B6EE5E /* weather-few@2x.png */ = {isa = PBXFileReference; lastKnownFileType = image.png; path = "weather-few@2x.png"; sourceTree = "<group>"; };
		6A07AC7A1B1C4FF900B6EE5E /* weather-mist.png */ = {isa = PBXFileReference; lastKnownFileType = image.png; path = "weather-mist.png"; sourceTree = "<group>"; };
		6A07AC7B1B1C4FF900B6EE5E /* weather-mist@2x.png */ = {isa = PBXFileReference; lastKnownFileType = image.png; path = "weather-mist@2x.png"; sourceTree = "<group>"; };
		6A07AC7C1B1C4FF900B6EE5E /* weather-moon.png */ = {isa = PBXFileReference; lastKnownFileType = image.png; path = "weather-moon.png"; sourceTree = "<group>"; };
		6A07AC7D1B1C4FF900B6EE5E /* weather-moon@2x.png */ = {isa = PBXFileReference; lastKnownFileType = image.png; path = "weather-moon@2x.png"; sourceTree = "<group>"; };
		6A07AC7E1B1C4FF900B6EE5E /* weather-rain-night.png */ = {isa = PBXFileReference; lastKnownFileType = image.png; path = "weather-rain-night.png"; sourceTree = "<group>"; };
		6A07AC7F1B1C4FF900B6EE5E /* weather-rain-night@2x.png */ = {isa = PBXFileReference; lastKnownFileType = image.png; path = "weather-rain-night@2x.png"; sourceTree = "<group>"; };
		6A07AC801B1C4FF900B6EE5E /* weather-rain.png */ = {isa = PBXFileReference; lastKnownFileType = image.png; path = "weather-rain.png"; sourceTree = "<group>"; };
		6A07AC811B1C4FF900B6EE5E /* weather-rain@2x.png */ = {isa = PBXFileReference; lastKnownFileType = image.png; path = "weather-rain@2x.png"; sourceTree = "<group>"; };
		6A07AC821B1C4FF900B6EE5E /* weather-scattered.png */ = {isa = PBXFileReference; lastKnownFileType = image.png; path = "weather-scattered.png"; sourceTree = "<group>"; };
		6A07AC831B1C4FF900B6EE5E /* weather-scattered@2x.png */ = {isa = PBXFileReference; lastKnownFileType = image.png; path = "weather-scattered@2x.png"; sourceTree = "<group>"; };
		6A07AC841B1C4FF900B6EE5E /* weather-shower.png */ = {isa = PBXFileReference; lastKnownFileType = image.png; path = "weather-shower.png"; sourceTree = "<group>"; };
		6A07AC851B1C4FF900B6EE5E /* weather-shower@2x.png */ = {isa = PBXFileReference; lastKnownFileType = image.png; path = "weather-shower@2x.png"; sourceTree = "<group>"; };
		6A07AC861B1C4FF900B6EE5E /* weather-snow.png */ = {isa = PBXFileReference; lastKnownFileType = image.png; path = "weather-snow.png"; sourceTree = "<group>"; };
		6A07AC871B1C4FF900B6EE5E /* weather-snow@2x.png */ = {isa = PBXFileReference; lastKnownFileType = image.png; path = "weather-snow@2x.png"; sourceTree = "<group>"; };
		6A07AC881B1C4FF900B6EE5E /* weather-tstorm.png */ = {isa = PBXFileReference; lastKnownFileType = image.png; path = "weather-tstorm.png"; sourceTree = "<group>"; };
		6A07AC891B1C4FF900B6EE5E /* weather-tstorm@2x.png */ = {isa = PBXFileReference; lastKnownFileType = image.png; path = "weather-tstorm@2x.png"; sourceTree = "<group>"; };
		6A52E01D1B2049B900F6A4A7 /* WeatherListDetailPushAnimator.h */ = {isa = PBXFileReference; fileEncoding = 4; lastKnownFileType = sourcecode.c.h; path = WeatherListDetailPushAnimator.h; sourceTree = "<group>"; };
		6A52E01E1B2049B900F6A4A7 /* WeatherListDetailPushAnimator.m */ = {isa = PBXFileReference; fileEncoding = 4; lastKnownFileType = sourcecode.c.objc; path = WeatherListDetailPushAnimator.m; sourceTree = "<group>"; };
		6A52E0201B2049CF00F6A4A7 /* WeatherListDetailPopAnimator.h */ = {isa = PBXFileReference; fileEncoding = 4; lastKnownFileType = sourcecode.c.h; path = WeatherListDetailPopAnimator.h; sourceTree = "<group>"; };
		6A52E0211B2049CF00F6A4A7 /* WeatherListDetailPopAnimator.m */ = {isa = PBXFileReference; fileEncoding = 4; lastKnownFileType = sourcecode.c.objc; path = WeatherListDetailPopAnimator.m; sourceTree = "<group>"; };
		6A52E0231B20541800F6A4A7 /* WeatherDetailViewController.h */ = {isa = PBXFileReference; fileEncoding = 4; lastKnownFileType = sourcecode.c.h; path = WeatherDetailViewController.h; sourceTree = "<group>"; };
		6A52E0241B20541800F6A4A7 /* WeatherDetailViewController.m */ = {isa = PBXFileReference; fileEncoding = 4; lastKnownFileType = sourcecode.c.objc; path = WeatherDetailViewController.m; sourceTree = "<group>"; };
		6A7242931B15922800AB50EB /* SunShine.app */ = {isa = PBXFileReference; explicitFileType = wrapper.application; includeInIndex = 0; path = SunShine.app; sourceTree = BUILT_PRODUCTS_DIR; };
		6A7242971B15922800AB50EB /* Info.plist */ = {isa = PBXFileReference; lastKnownFileType = text.plist.xml; path = Info.plist; sourceTree = "<group>"; };
		6A7242981B15922800AB50EB /* main.m */ = {isa = PBXFileReference; lastKnownFileType = sourcecode.c.objc; path = main.m; sourceTree = "<group>"; };
		6A72429A1B15922800AB50EB /* AppDelegate.h */ = {isa = PBXFileReference; lastKnownFileType = sourcecode.c.h; path = AppDelegate.h; sourceTree = "<group>"; };
		6A72429B1B15922800AB50EB /* AppDelegate.m */ = {isa = PBXFileReference; lastKnownFileType = sourcecode.c.objc; path = AppDelegate.m; sourceTree = "<group>"; };
		6A7242A31B15922800AB50EB /* Images.xcassets */ = {isa = PBXFileReference; lastKnownFileType = folder.assetcatalog; path = Images.xcassets; sourceTree = "<group>"; };
		6A7242AC1B15922800AB50EB /* SunShineTests.xctest */ = {isa = PBXFileReference; explicitFileType = wrapper.cfbundle; includeInIndex = 0; path = SunShineTests.xctest; sourceTree = BUILT_PRODUCTS_DIR; };
		6A7242B11B15922800AB50EB /* Info.plist */ = {isa = PBXFileReference; lastKnownFileType = text.plist.xml; path = Info.plist; sourceTree = "<group>"; };
		6A7242B21B15922800AB50EB /* SunShineTests.m */ = {isa = PBXFileReference; lastKnownFileType = sourcecode.c.objc; path = SunShineTests.m; sourceTree = "<group>"; };
		6A7242BD1B15928600AB50EB /* art_clear.png */ = {isa = PBXFileReference; lastKnownFileType = image.png; path = art_clear.png; sourceTree = "<group>"; };
		6A7242BE1B15928600AB50EB /* art_clouds.png */ = {isa = PBXFileReference; lastKnownFileType = image.png; path = art_clouds.png; sourceTree = "<group>"; };
		6A7242BF1B15928600AB50EB /* art_fog.png */ = {isa = PBXFileReference; lastKnownFileType = image.png; path = art_fog.png; sourceTree = "<group>"; };
		6A7242C01B15928600AB50EB /* art_light_clouds.png */ = {isa = PBXFileReference; lastKnownFileType = image.png; path = art_light_clouds.png; sourceTree = "<group>"; };
		6A7242C11B15928600AB50EB /* art_light_rain.png */ = {isa = PBXFileReference; lastKnownFileType = image.png; path = art_light_rain.png; sourceTree = "<group>"; };
		6A7242C21B15928600AB50EB /* art_rain.png */ = {isa = PBXFileReference; lastKnownFileType = image.png; path = art_rain.png; sourceTree = "<group>"; };
		6A7242C31B15928600AB50EB /* art_snow.png */ = {isa = PBXFileReference; lastKnownFileType = image.png; path = art_snow.png; sourceTree = "<group>"; };
		6A7242C41B15928600AB50EB /* art_storm.png */ = {isa = PBXFileReference; lastKnownFileType = image.png; path = art_storm.png; sourceTree = "<group>"; };
		6A7242C51B15928600AB50EB /* ic_clear.png */ = {isa = PBXFileReference; lastKnownFileType = image.png; path = ic_clear.png; sourceTree = "<group>"; };
		6A7242C61B15928600AB50EB /* ic_cloudy.png */ = {isa = PBXFileReference; lastKnownFileType = image.png; path = ic_cloudy.png; sourceTree = "<group>"; };
		6A7242C71B15928600AB50EB /* ic_fog.png */ = {isa = PBXFileReference; lastKnownFileType = image.png; path = ic_fog.png; sourceTree = "<group>"; };
		6A7242C81B15928600AB50EB /* ic_light_clouds.png */ = {isa = PBXFileReference; lastKnownFileType = image.png; path = ic_light_clouds.png; sourceTree = "<group>"; };
		6A7242C91B15928600AB50EB /* ic_light_rain.png */ = {isa = PBXFileReference; lastKnownFileType = image.png; path = ic_light_rain.png; sourceTree = "<group>"; };
		6A7242CA1B15928600AB50EB /* ic_logo.png */ = {isa = PBXFileReference; lastKnownFileType = image.png; path = ic_logo.png; sourceTree = "<group>"; };
		6A7242CB1B15928600AB50EB /* ic_rain.png */ = {isa = PBXFileReference; lastKnownFileType = image.png; path = ic_rain.png; sourceTree = "<group>"; };
		6A7242CC1B15928600AB50EB /* ic_snow.png */ = {isa = PBXFileReference; lastKnownFileType = image.png; path = ic_snow.png; sourceTree = "<group>"; };
		6A7242CD1B15928600AB50EB /* ic_storm.png */ = {isa = PBXFileReference; lastKnownFileType = image.png; path = ic_storm.png; sourceTree = "<group>"; };
		6A7242E01B1592C100AB50EB /* WeatherListViewController.h */ = {isa = PBXFileReference; fileEncoding = 4; lastKnownFileType = sourcecode.c.h; path = WeatherListViewController.h; sourceTree = "<group>"; };
		6A7242E11B1592C100AB50EB /* WeatherListViewController.m */ = {isa = PBXFileReference; fileEncoding = 4; lastKnownFileType = sourcecode.c.objc; path = WeatherListViewController.m; sourceTree = "<group>"; };
		6A7242E61B15A19200AB50EB /* Sky.png */ = {isa = PBXFileReference; lastKnownFileType = image.png; path = Sky.png; sourceTree = "<group>"; };
		6A72431A1B15DF3900AB50EB /* WeatherTableViewCell.h */ = {isa = PBXFileReference; fileEncoding = 4; lastKnownFileType = sourcecode.c.h; path = WeatherTableViewCell.h; sourceTree = "<group>"; };
		6A72431B1B15DF3900AB50EB /* WeatherTableViewCell.m */ = {isa = PBXFileReference; fileEncoding = 4; lastKnownFileType = sourcecode.c.objc; path = WeatherTableViewCell.m; sourceTree = "<group>"; };
		6AAFECF81B17199000720AC2 /* WeatherManager.h */ = {isa = PBXFileReference; fileEncoding = 4; lastKnownFileType = sourcecode.c.h; path = WeatherManager.h; sourceTree = "<group>"; };
		6AAFECF91B17199000720AC2 /* WeatherManager.m */ = {isa = PBXFileReference; fileEncoding = 4; lastKnownFileType = sourcecode.c.objc; path = WeatherManager.m; sourceTree = "<group>"; };
		6AAFECFB1B1719BE00720AC2 /* WeatherClient.h */ = {isa = PBXFileReference; fileEncoding = 4; lastKnownFileType = sourcecode.c.h; path = WeatherClient.h; sourceTree = "<group>"; };
		6AAFECFC1B1719BE00720AC2 /* WeatherClient.m */ = {isa = PBXFileReference; fileEncoding = 4; lastKnownFileType = sourcecode.c.objc; path = WeatherClient.m; sourceTree = "<group>"; };
/* End PBXFileReference section */

/* Begin PBXFrameworksBuildPhase section */
		6A7242901B15922800AB50EB /* Frameworks */ = {
			isa = PBXFrameworksBuildPhase;
			buildActionMask = 2147483647;
			files = (
				6A00ECDA1B1840B100D52A5A /* CoreLocation.framework in Frameworks */,
			);
			runOnlyForDeploymentPostprocessing = 0;
		};
		6A7242A91B15922800AB50EB /* Frameworks */ = {
			isa = PBXFrameworksBuildPhase;
			buildActionMask = 2147483647;
			files = (
			);
			runOnlyForDeploymentPostprocessing = 0;
		};
/* End PBXFrameworksBuildPhase section */

/* Begin PBXGroup section */
		6A07AC711B1C4FE600B6EE5E /* WeatherIcons */ = {
			isa = PBXGroup;
			children = (
				6A07AC721B1C4FF900B6EE5E /* weather-broken.png */,
				6A07AC731B1C4FF900B6EE5E /* weather-broken@2x.png */,
				6A07AC741B1C4FF900B6EE5E /* weather-clear.png */,
				6A07AC751B1C4FF900B6EE5E /* weather-clear@2x.png */,
				6A07AC761B1C4FF900B6EE5E /* weather-few-night.png */,
				6A07AC771B1C4FF900B6EE5E /* weather-few-night@2x.png */,
				6A07AC781B1C4FF900B6EE5E /* weather-few.png */,
				6A07AC791B1C4FF900B6EE5E /* weather-few@2x.png */,
				6A07AC7A1B1C4FF900B6EE5E /* weather-mist.png */,
				6A07AC7B1B1C4FF900B6EE5E /* weather-mist@2x.png */,
				6A07AC7C1B1C4FF900B6EE5E /* weather-moon.png */,
				6A07AC7D1B1C4FF900B6EE5E /* weather-moon@2x.png */,
				6A07AC7E1B1C4FF900B6EE5E /* weather-rain-night.png */,
				6A07AC7F1B1C4FF900B6EE5E /* weather-rain-night@2x.png */,
				6A07AC801B1C4FF900B6EE5E /* weather-rain.png */,
				6A07AC811B1C4FF900B6EE5E /* weather-rain@2x.png */,
				6A07AC821B1C4FF900B6EE5E /* weather-scattered.png */,
				6A07AC831B1C4FF900B6EE5E /* weather-scattered@2x.png */,
				6A07AC841B1C4FF900B6EE5E /* weather-shower.png */,
				6A07AC851B1C4FF900B6EE5E /* weather-shower@2x.png */,
				6A07AC861B1C4FF900B6EE5E /* weather-snow.png */,
				6A07AC871B1C4FF900B6EE5E /* weather-snow@2x.png */,
				6A07AC881B1C4FF900B6EE5E /* weather-tstorm.png */,
				6A07AC891B1C4FF900B6EE5E /* weather-tstorm@2x.png */,
			);
			name = WeatherIcons;
			sourceTree = "<group>";
		};
		6A52E0191B20435800F6A4A7 /* Animators */ = {
			isa = PBXGroup;
			children = (
				6A52E01D1B2049B900F6A4A7 /* WeatherListDetailPushAnimator.h */,
				6A52E01E1B2049B900F6A4A7 /* WeatherListDetailPushAnimator.m */,
				6A52E0201B2049CF00F6A4A7 /* WeatherListDetailPopAnimator.h */,
				6A52E0211B2049CF00F6A4A7 /* WeatherListDetailPopAnimator.m */,
			);
			name = Animators;
			sourceTree = "<group>";
		};
		6A72428A1B15922800AB50EB = {
			isa = PBXGroup;
			children = (
				6A00ECD91B1840B100D52A5A /* CoreLocation.framework */,
				6A7242951B15922800AB50EB /* SunShine */,
				6A7242AF1B15922800AB50EB /* SunShineTests */,
				6A7242941B15922800AB50EB /* Products */,
			);
			sourceTree = "<group>";
		};
		6A7242941B15922800AB50EB /* Products */ = {
			isa = PBXGroup;
			children = (
				6A7242931B15922800AB50EB /* SunShine.app */,
				6A7242AC1B15922800AB50EB /* SunShineTests.xctest */,
			);
			name = Products;
			sourceTree = "<group>";
		};
		6A7242951B15922800AB50EB /* SunShine */ = {
			isa = PBXGroup;
			children = (
				6A52E0191B20435800F6A4A7 /* Animators */,
				6A7242E51B15937000AB50EB /* Views */,
				6A7242E41B15936200AB50EB /* Modal */,
				6A7242DF1B1592A000AB50EB /* ViewController */,
				6A7242BC1B15928600AB50EB /* Images */,
				6A72429A1B15922800AB50EB /* AppDelegate.h */,
				6A72429B1B15922800AB50EB /* AppDelegate.m */,
				6A7242A31B15922800AB50EB /* Images.xcassets */,
				6A7242961B15922800AB50EB /* Supporting Files */,
			);
			path = SunShine;
			sourceTree = "<group>";
		};
		6A7242961B15922800AB50EB /* Supporting Files */ = {
			isa = PBXGroup;
			children = (
				6A7242971B15922800AB50EB /* Info.plist */,
				6A7242981B15922800AB50EB /* main.m */,
			);
			name = "Supporting Files";
			sourceTree = "<group>";
		};
		6A7242AF1B15922800AB50EB /* SunShineTests */ = {
			isa = PBXGroup;
			children = (
				6A7242B21B15922800AB50EB /* SunShineTests.m */,
				6A7242B01B15922800AB50EB /* Supporting Files */,
			);
			path = SunShineTests;
			sourceTree = "<group>";
		};
		6A7242B01B15922800AB50EB /* Supporting Files */ = {
			isa = PBXGroup;
			children = (
				6A7242B11B15922800AB50EB /* Info.plist */,
			);
			name = "Supporting Files";
			sourceTree = "<group>";
		};
		6A7242BC1B15928600AB50EB /* Images */ = {
			isa = PBXGroup;
			children = (
				6A07AC711B1C4FE600B6EE5E /* WeatherIcons */,
				6A7242E61B15A19200AB50EB /* Sky.png */,
				6A7242BD1B15928600AB50EB /* art_clear.png */,
				6A7242BE1B15928600AB50EB /* art_clouds.png */,
				6A7242BF1B15928600AB50EB /* art_fog.png */,
				6A7242C01B15928600AB50EB /* art_light_clouds.png */,
				6A7242C11B15928600AB50EB /* art_light_rain.png */,
				6A7242C21B15928600AB50EB /* art_rain.png */,
				6A7242C31B15928600AB50EB /* art_snow.png */,
				6A7242C41B15928600AB50EB /* art_storm.png */,
				6A7242C51B15928600AB50EB /* ic_clear.png */,
				6A7242C61B15928600AB50EB /* ic_cloudy.png */,
				6A7242C71B15928600AB50EB /* ic_fog.png */,
				6A7242C81B15928600AB50EB /* ic_light_clouds.png */,
				6A7242C91B15928600AB50EB /* ic_light_rain.png */,
				6A7242CA1B15928600AB50EB /* ic_logo.png */,
				6A7242CB1B15928600AB50EB /* ic_rain.png */,
				6A7242CC1B15928600AB50EB /* ic_snow.png */,
				6A7242CD1B15928600AB50EB /* ic_storm.png */,
			);
			path = Images;
			sourceTree = "<group>";
		};
		6A7242DF1B1592A000AB50EB /* ViewController */ = {
			isa = PBXGroup;
			children = (
				6A7242E01B1592C100AB50EB /* WeatherListViewController.h */,
				6A7242E11B1592C100AB50EB /* WeatherListViewController.m */,
				6A52E0231B20541800F6A4A7 /* WeatherDetailViewController.h */,
				6A52E0241B20541800F6A4A7 /* WeatherDetailViewController.m */,
			);
			name = ViewController;
			sourceTree = "<group>";
		};
		6A7242E41B15936200AB50EB /* Modal */ = {
			isa = PBXGroup;
			children = (
				6AAFECF81B17199000720AC2 /* WeatherManager.h */,
				6AAFECF91B17199000720AC2 /* WeatherManager.m */,
				6AAFECFB1B1719BE00720AC2 /* WeatherClient.h */,
				6AAFECFC1B1719BE00720AC2 /* WeatherClient.m */,
				6A00ECD61B18404400D52A5A /* WeatherCondition.h */,
				6A00ECD71B18404400D52A5A /* WeatherCondition.m */,
				6A00ECDB1B185C4800D52A5A /* WeatherJsonParser.h */,
				6A00ECDC1B185C4800D52A5A /* WeatherJsonParser.m */,
				6A07AC6E1B1C3CB900B6EE5E /* WeatherUtility.h */,
				6A07AC6F1B1C3CB900B6EE5E /* WeatherUtility.m */,
			);
			name = Modal;
			sourceTree = "<group>";
		};
		6A7242E51B15937000AB50EB /* Views */ = {
			isa = PBXGroup;
			children = (
				6A72431A1B15DF3900AB50EB /* WeatherTableViewCell.h */,
				6A72431B1B15DF3900AB50EB /* WeatherTableViewCell.m */,
			);
			name = Views;
			sourceTree = "<group>";
		};
/* End PBXGroup section */

/* Begin PBXNativeTarget section */
		6A7242921B15922800AB50EB /* SunShine */ = {
			isa = PBXNativeTarget;
			buildConfigurationList = 6A7242B61B15922800AB50EB /* Build configuration list for PBXNativeTarget "SunShine" */;
			buildPhases = (
				6A72428F1B15922800AB50EB /* Sources */,
				6A7242901B15922800AB50EB /* Frameworks */,
				6A7242911B15922800AB50EB /* Resources */,
			);
			buildRules = (
			);
			dependencies = (
			);
			name = SunShine;
			productName = SunShine;
			productReference = 6A7242931B15922800AB50EB /* SunShine.app */;
			productType = "com.apple.product-type.application";
		};
		6A7242AB1B15922800AB50EB /* SunShineTests */ = {
			isa = PBXNativeTarget;
			buildConfigurationList = 6A7242B91B15922800AB50EB /* Build configuration list for PBXNativeTarget "SunShineTests" */;
			buildPhases = (
				6A7242A81B15922800AB50EB /* Sources */,
				6A7242A91B15922800AB50EB /* Frameworks */,
				6A7242AA1B15922800AB50EB /* Resources */,
			);
			buildRules = (
			);
			dependencies = (
				6A7242AE1B15922800AB50EB /* PBXTargetDependency */,
			);
			name = SunShineTests;
			productName = SunShineTests;
			productReference = 6A7242AC1B15922800AB50EB /* SunShineTests.xctest */;
			productType = "com.apple.product-type.bundle.unit-test";
		};
/* End PBXNativeTarget section */

/* Begin PBXProject section */
		6A72428B1B15922800AB50EB /* Project object */ = {
			isa = PBXProject;
			attributes = {
				LastUpgradeCheck = 0630;
				ORGANIZATIONNAME = udhaykanthd;
				TargetAttributes = {
					6A7242921B15922800AB50EB = {
						CreatedOnToolsVersion = 6.3.2;
					};
					6A7242AB1B15922800AB50EB = {
						CreatedOnToolsVersion = 6.3.2;
						TestTargetID = 6A7242921B15922800AB50EB;
					};
				};
			};
			buildConfigurationList = 6A72428E1B15922800AB50EB /* Build configuration list for PBXProject "SunShine" */;
			compatibilityVersion = "Xcode 3.2";
			developmentRegion = English;
			hasScannedForEncodings = 0;
			knownRegions = (
				en,
				Base,
			);
			mainGroup = 6A72428A1B15922800AB50EB;
			productRefGroup = 6A7242941B15922800AB50EB /* Products */;
			projectDirPath = "";
			projectRoot = "";
			targets = (
				6A7242921B15922800AB50EB /* SunShine */,
				6A7242AB1B15922800AB50EB /* SunShineTests */,
			);
		};
/* End PBXProject section */

/* Begin PBXResourcesBuildPhase section */
		6A7242911B15922800AB50EB /* Resources */ = {
			isa = PBXResourcesBuildPhase;
			buildActionMask = 2147483647;
			files = (
				6A7242D81B15928600AB50EB /* ic_fog.png in Resources */,
				6A07AC8D1B1C4FF900B6EE5E /* weather-clear@2x.png in Resources */,
				6A7242DD1B15928600AB50EB /* ic_snow.png in Resources */,
				6A7242E71B15A19200AB50EB /* Sky.png in Resources */,
				6A7242D21B15928600AB50EB /* art_light_rain.png in Resources */,
				6A07AC921B1C4FF900B6EE5E /* weather-mist.png in Resources */,
				6A7242D31B15928600AB50EB /* art_rain.png in Resources */,
				6A07ACA01B1C4FF900B6EE5E /* weather-tstorm.png in Resources */,
				6A07AC9E1B1C4FF900B6EE5E /* weather-snow.png in Resources */,
				6A07AC9B1B1C4FF900B6EE5E /* weather-scattered@2x.png in Resources */,
				6A07AC941B1C4FF900B6EE5E /* weather-moon.png in Resources */,
				6A7242DC1B15928600AB50EB /* ic_rain.png in Resources */,
				6A7242D01B15928600AB50EB /* art_fog.png in Resources */,
				6A07AC951B1C4FF900B6EE5E /* weather-moon@2x.png in Resources */,
				6A07AC8F1B1C4FF900B6EE5E /* weather-few-night@2x.png in Resources */,
				6A07AC911B1C4FF900B6EE5E /* weather-few@2x.png in Resources */,
				6A7242D91B15928600AB50EB /* ic_light_clouds.png in Resources */,
				6A07AC8B1B1C4FF900B6EE5E /* weather-broken@2x.png in Resources */,
				6A07ACA11B1C4FF900B6EE5E /* weather-tstorm@2x.png in Resources */,
				6A7242D51B15928600AB50EB /* art_storm.png in Resources */,
				6A07AC931B1C4FF900B6EE5E /* weather-mist@2x.png in Resources */,
				6A07AC8C1B1C4FF900B6EE5E /* weather-clear.png in Resources */,
				6A07AC991B1C4FF900B6EE5E /* weather-rain@2x.png in Resources */,
				6A7242D71B15928600AB50EB /* ic_cloudy.png in Resources */,
				6A7242A41B15922800AB50EB /* Images.xcassets in Resources */,
				6A07AC9C1B1C4FF900B6EE5E /* weather-shower.png in Resources */,
				6A7242D61B15928600AB50EB /* ic_clear.png in Resources */,
				6A7242D41B15928600AB50EB /* art_snow.png in Resources */,
				6A07AC981B1C4FF900B6EE5E /* weather-rain.png in Resources */,
				6A07AC901B1C4FF900B6EE5E /* weather-few.png in Resources */,
				6A07AC961B1C4FF900B6EE5E /* weather-rain-night.png in Resources */,
				6A7242CF1B15928600AB50EB /* art_clouds.png in Resources */,
				6A07AC971B1C4FF900B6EE5E /* weather-rain-night@2x.png in Resources */,
				6A7242DB1B15928600AB50EB /* ic_logo.png in Resources */,
				6A07AC8A1B1C4FF900B6EE5E /* weather-broken.png in Resources */,
				6A7242CE1B15928600AB50EB /* art_clear.png in Resources */,
				6A7242DE1B15928600AB50EB /* ic_storm.png in Resources */,
				6A07AC9A1B1C4FF900B6EE5E /* weather-scattered.png in Resources */,
				6A7242DA1B15928600AB50EB /* ic_light_rain.png in Resources */,
				6A07AC9D1B1C4FF900B6EE5E /* weather-shower@2x.png in Resources */,
				6A07AC8E1B1C4FF900B6EE5E /* weather-few-night.png in Resources */,
				6A7242D11B15928600AB50EB /* art_light_clouds.png in Resources */,
				6A07AC9F1B1C4FF900B6EE5E /* weather-snow@2x.png in Resources */,
			);
			runOnlyForDeploymentPostprocessing = 0;
		};
		6A7242AA1B15922800AB50EB /* Resources */ = {
			isa = PBXResourcesBuildPhase;
			buildActionMask = 2147483647;
			files = (
			);
			runOnlyForDeploymentPostprocessing = 0;
		};
/* End PBXResourcesBuildPhase section */

/* Begin PBXSourcesBuildPhase section */
		6A72428F1B15922800AB50EB /* Sources */ = {
			isa = PBXSourcesBuildPhase;
			buildActionMask = 2147483647;
			files = (
				6A00ECD81B18404400D52A5A /* WeatherCondition.m in Sources */,
				6A72431C1B15DF3900AB50EB /* WeatherTableViewCell.m in Sources */,
				6A52E01F1B2049B900F6A4A7 /* WeatherListDetailPushAnimator.m in Sources */,
				6AAFECFD1B1719BE00720AC2 /* WeatherClient.m in Sources */,
				6A72429C1B15922800AB50EB /* AppDelegate.m in Sources */,
				6A7242E21B1592C100AB50EB /* WeatherListViewController.m in Sources */,
				6A52E0251B20541800F6A4A7 /* WeatherDetailViewController.m in Sources */,
				6A52E0221B2049CF00F6A4A7 /* WeatherListDetailPopAnimator.m in Sources */,
				6A07AC701B1C3CB900B6EE5E /* WeatherUtility.m in Sources */,
				6A00ECDD1B185C4800D52A5A /* WeatherJsonParser.m in Sources */,
				6A7242991B15922800AB50EB /* main.m in Sources */,
				6AAFECFA1B17199000720AC2 /* WeatherManager.m in Sources */,
			);
			runOnlyForDeploymentPostprocessing = 0;
		};
		6A7242A81B15922800AB50EB /* Sources */ = {
			isa = PBXSourcesBuildPhase;
			buildActionMask = 2147483647;
			files = (
				6A7242B31B15922800AB50EB /* SunShineTests.m in Sources */,
			);
			runOnlyForDeploymentPostprocessing = 0;
		};
/* End PBXSourcesBuildPhase section */

/* Begin PBXTargetDependency section */
		6A7242AE1B15922800AB50EB /* PBXTargetDependency */ = {
			isa = PBXTargetDependency;
			target = 6A7242921B15922800AB50EB /* SunShine */;
			targetProxy = 6A7242AD1B15922800AB50EB /* PBXContainerItemProxy */;
		};
/* End PBXTargetDependency section */

/* Begin XCBuildConfiguration section */
		6A7242B41B15922800AB50EB /* Debug */ = {
			isa = XCBuildConfiguration;
			buildSettings = {
				ALWAYS_SEARCH_USER_PATHS = NO;
				CLANG_CXX_LANGUAGE_STANDARD = "gnu++0x";
				CLANG_CXX_LIBRARY = "libc++";
				CLANG_ENABLE_MODULES = YES;
				CLANG_ENABLE_OBJC_ARC = YES;
				CLANG_WARN_BOOL_CONVERSION = YES;
				CLANG_WARN_CONSTANT_CONVERSION = YES;
				CLANG_WARN_DIRECT_OBJC_ISA_USAGE = YES_ERROR;
				CLANG_WARN_EMPTY_BODY = YES;
				CLANG_WARN_ENUM_CONVERSION = YES;
				CLANG_WARN_INT_CONVERSION = YES;
				CLANG_WARN_OBJC_ROOT_CLASS = YES_ERROR;
				CLANG_WARN_UNREACHABLE_CODE = YES;
				CLANG_WARN__DUPLICATE_METHOD_MATCH = YES;
				"CODE_SIGN_IDENTITY[sdk=iphoneos*]" = "iPhone Developer";
				COPY_PHASE_STRIP = NO;
				DEBUG_INFORMATION_FORMAT = "dwarf-with-dsym";
				ENABLE_STRICT_OBJC_MSGSEND = YES;
				GCC_C_LANGUAGE_STANDARD = gnu99;
				GCC_DYNAMIC_NO_PIC = NO;
				GCC_NO_COMMON_BLOCKS = YES;
				GCC_OPTIMIZATION_LEVEL = 0;
				GCC_PREPROCESSOR_DEFINITIONS = (
					"DEBUG=1",
					"$(inherited)",
				);
				GCC_SYMBOLS_PRIVATE_EXTERN = NO;
				GCC_WARN_64_TO_32_BIT_CONVERSION = YES;
				GCC_WARN_ABOUT_RETURN_TYPE = YES_ERROR;
				GCC_WARN_UNDECLARED_SELECTOR = YES;
				GCC_WARN_UNINITIALIZED_AUTOS = YES_AGGRESSIVE;
				GCC_WARN_UNUSED_FUNCTION = YES;
				GCC_WARN_UNUSED_VARIABLE = YES;
				IPHONEOS_DEPLOYMENT_TARGET = 8.3;
				MTL_ENABLE_DEBUG_INFO = YES;
				ONLY_ACTIVE_ARCH = YES;
				SDKROOT = iphoneos;
				TARGETED_DEVICE_FAMILY = "1,2";
			};
			name = Debug;
		};
		6A7242B51B15922800AB50EB /* Release */ = {
			isa = XCBuildConfiguration;
			buildSettings = {
				ALWAYS_SEARCH_USER_PATHS = NO;
				CLANG_CXX_LANGUAGE_STANDARD = "gnu++0x";
				CLANG_CXX_LIBRARY = "libc++";
				CLANG_ENABLE_MODULES = YES;
				CLANG_ENABLE_OBJC_ARC = YES;
				CLANG_WARN_BOOL_CONVERSION = YES;
				CLANG_WARN_CONSTANT_CONVERSION = YES;
				CLANG_WARN_DIRECT_OBJC_ISA_USAGE = YES_ERROR;
				CLANG_WARN_EMPTY_BODY = YES;
				CLANG_WARN_ENUM_CONVERSION = YES;
				CLANG_WARN_INT_CONVERSION = YES;
				CLANG_WARN_OBJC_ROOT_CLASS = YES_ERROR;
				CLANG_WARN_UNREACHABLE_CODE = YES;
				CLANG_WARN__DUPLICATE_METHOD_MATCH = YES;
				"CODE_SIGN_IDENTITY[sdk=iphoneos*]" = "iPhone Developer";
				COPY_PHASE_STRIP = NO;
				DEBUG_INFORMATION_FORMAT = "dwarf-with-dsym";
				ENABLE_NS_ASSERTIONS = NO;
				ENABLE_STRICT_OBJC_MSGSEND = YES;
				GCC_C_LANGUAGE_STANDARD = gnu99;
				GCC_NO_COMMON_BLOCKS = YES;
				GCC_WARN_64_TO_32_BIT_CONVERSION = YES;
				GCC_WARN_ABOUT_RETURN_TYPE = YES_ERROR;
				GCC_WARN_UNDECLARED_SELECTOR = YES;
				GCC_WARN_UNINITIALIZED_AUTOS = YES_AGGRESSIVE;
				GCC_WARN_UNUSED_FUNCTION = YES;
				GCC_WARN_UNUSED_VARIABLE = YES;
				IPHONEOS_DEPLOYMENT_TARGET = 8.3;
				MTL_ENABLE_DEBUG_INFO = NO;
				SDKROOT = iphoneos;
				TARGETED_DEVICE_FAMILY = "1,2";
				VALIDATE_PRODUCT = YES;
			};
			name = Release;
		};
		6A7242B71B15922800AB50EB /* Debug */ = {
			isa = XCBuildConfiguration;
			buildSettings = {
				ASSETCATALOG_COMPILER_APPICON_NAME = AppIcon;
				INFOPLIST_FILE = SunShine/Info.plist;
				LD_RUNPATH_SEARCH_PATHS = "$(inherited) @executable_path/Frameworks";
				PRODUCT_NAME = "$(TARGET_NAME)";
			};
			name = Debug;
		};
		6A7242B81B15922800AB50EB /* Release */ = {
			isa = XCBuildConfiguration;
			buildSettings = {
				ASSETCATALOG_COMPILER_APPICON_NAME = AppIcon;
				INFOPLIST_FILE = SunShine/Info.plist;
				LD_RUNPATH_SEARCH_PATHS = "$(inherited) @executable_path/Frameworks";
				PRODUCT_NAME = "$(TARGET_NAME)";
			};
			name = Release;
		};
		6A7242BA1B15922800AB50EB /* Debug */ = {
			isa = XCBuildConfiguration;
			buildSettings = {
				BUNDLE_LOADER = "$(TEST_HOST)";
				FRAMEWORK_SEARCH_PATHS = (
					"$(SDKROOT)/Developer/Library/Frameworks",
					"$(inherited)",
				);
				GCC_PREPROCESSOR_DEFINITIONS = (
					"DEBUG=1",
					"$(inherited)",
				);
				INFOPLIST_FILE = SunShineTests/Info.plist;
				LD_RUNPATH_SEARCH_PATHS = "$(inherited) @executable_path/Frameworks @loader_path/Frameworks";
				PRODUCT_NAME = "$(TARGET_NAME)";
				TEST_HOST = "$(BUILT_PRODUCTS_DIR)/SunShine.app/SunShine";
			};
			name = Debug;
		};
		6A7242BB1B15922800AB50EB /* Release */ = {
			isa = XCBuildConfiguration;
			buildSettings = {
				BUNDLE_LOADER = "$(TEST_HOST)";
				FRAMEWORK_SEARCH_PATHS = (
					"$(SDKROOT)/Developer/Library/Frameworks",
					"$(inherited)",
				);
				INFOPLIST_FILE = SunShineTests/Info.plist;
				LD_RUNPATH_SEARCH_PATHS = "$(inherited) @executable_path/Frameworks @loader_path/Frameworks";
				PRODUCT_NAME = "$(TARGET_NAME)";
				TEST_HOST = "$(BUILT_PRODUCTS_DIR)/SunShine.app/SunShine";
			};
			name = Release;
		};
/* End XCBuildConfiguration section */

/* Begin XCConfigurationList section */
		6A72428E1B15922800AB50EB /* Build configuration list for PBXProject "SunShine" */ = {
			isa = XCConfigurationList;
			buildConfigurations = (
				6A7242B41B15922800AB50EB /* Debug */,
				6A7242B51B15922800AB50EB /* Release */,
			);
			defaultConfigurationIsVisible = 0;
			defaultConfigurationName = Release;
		};
		6A7242B61B15922800AB50EB /* Build configuration list for PBXNativeTarget "SunShine" */ = {
			isa = XCConfigurationList;
			buildConfigurations = (
				6A7242B71B15922800AB50EB /* Debug */,
				6A7242B81B15922800AB50EB /* Release */,
			);
			defaultConfigurationIsVisible = 0;
			defaultConfigurationName = Release;
		};
		6A7242B91B15922800AB50EB /* Build configuration list for PBXNativeTarget "SunShineTests" */ = {
			isa = XCConfigurationList;
			buildConfigurations = (
				6A7242BA1B15922800AB50EB /* Debug */,
				6A7242BB1B15922800AB50EB /* Release */,
			);
			defaultConfigurationIsVisible = 0;
			defaultConfigurationName = Release;
		};
/* End XCConfigurationList section */
	};
	rootObject = 6A72428B1B15922800AB50EB /* Project object */;
}
